
Microsoft Visual Studio Solution File, Format Version 12.00
# Visual Studio Version 17
VisualStudioVersion = 17.2.32616.157
MinimumVisualStudioVersion = 10.0.40219.1
Project("{9A19103F-16F7-4668-BE54-9A1E7A4F7556}") = "CLBenchmark", "CLBenchmark\CLBenchmark.csproj", "{EBF7647D-7677-4D8B-A206-28FA23FF2759}"
EndProject
Project("{FAE04EC0-301F-11D3-BF4B-00C04F79EFBC}") = "WpfAdminApp", "WpfAdminApp\WpfAdminApp.csproj", "{83DA73E9-E3BA-4572-B694-FF370156EF6D}"
EndProject
Global
	GlobalSection(SolutionConfigurationPlatforms) = preSolution
		Debug|Any CPU = Debug|Any CPU
		Release|Any CPU = Release|Any CPU
	EndGlobalSection
	GlobalSection(ProjectConfigurationPlatforms) = postSolution
		{EBF7647D-7677-4D8B-A206-28FA23FF2759}.Debug|Any CPU.ActiveCfg = Debug|Any CPU
		{EBF7647D-7677-4D8B-A206-28FA23FF2759}.Debug|Any CPU.Build.0 = Debug|Any CPU
		{EBF7647D-7677-4D8B-A206-28FA23FF2759}.Release|Any CPU.ActiveCfg = Release|Any CPU
		{EBF7647D-7677-4D8B-A206-28FA23FF2759}.Release|Any CPU.Build.0 = Release|Any CPU
		{83DA73E9-E3BA-4572-B694-FF370156EF6D}.Debug|Any CPU.ActiveCfg = Debug|Any CPU
		{83DA73E9-E3BA-4572-B694-FF370156EF6D}.Debug|Any CPU.Build.0 = Debug|Any CPU
		{83DA73E9-E3BA-4572-B694-FF370156EF6D}.Release|Any CPU.ActiveCfg = Release|Any CPU
		{83DA73E9-E3BA-4572-B694-FF370156EF6D}.Release|Any CPU.Build.0 = Release|Any CPU
	EndGlobalSection
	GlobalSection(SolutionProperties) = preSolution
		HideSolutionNode = FALSE
	EndGlobalSection
	GlobalSection(ExtensibilityGlobals) = postSolution
		SolutionGuid = {268DBB17-8869-4E75-BCD8-560270148A30}
	EndGlobalSection
EndGlobal
